{
  "requires": true,
  "lockfileVersion": 1,
  "dependencies": {
    "primeng": {
      "version": "8.0.3",
      "resolved": "https://registry.npmjs.org/primeng/-/primeng-8.0.3.tgz",
      "integrity": "sha512-WLSyPQ9Ig7AC9d7JRenhSMjyUqPhBpNtqQ68b9D93BsyXmvhAHUQb+3S4OTQNMKMi+l1uJSKcTZ0NWRT8xDu8Q=="
    }
  }
}
